
Microsoft Visual Studio Solution File, Format Version 11.00
# Visual Studio 2010
Project("{FAE04EC0-301F-11D3-BF4B-00C04F79EFBC}") = "Data", "Data\Data.csproj", "{89646E77-D8C5-434C-A3C7-9757F6BAC4C6}"
EndProject
Project("{FAE04EC0-301F-11D3-BF4B-00C04F79EFBC}") = "Business", "Business\Business.csproj", "{970EC5F8-029E-4AD7-AD94-965F96249408}"
EndProject
Project("{FAE04EC0-301F-11D3-BF4B-00C04F79EFBC}") = "Presentation", "Presentation\Presentation.csproj", "{2B5F82BF-D1CE-4478-A2AF-CFD79B10E0A7}"
EndProject
Global
	GlobalSection(SolutionConfigurationPlatforms) = preSolution
		Debug|Any CPU = Debug|Any CPU
		Release|Any CPU = Release|Any CPU
	EndGlobalSection
	GlobalSection(ProjectConfigurationPlatforms) = postSolution
		{89646E77-D8C5-434C-A3C7-9757F6BAC4C6}.Debug|Any CPU.ActiveCfg = Debug|Any CPU
		{89646E77-D8C5-434C-A3C7-9757F6BAC4C6}.Debug|Any CPU.Build.0 = Debug|Any CPU
		{89646E77-D8C5-434C-A3C7-9757F6BAC4C6}.Release|Any CPU.ActiveCfg = Release|Any CPU
		{89646E77-D8C5-434C-A3C7-9757F6BAC4C6}.Release|Any CPU.Build.0 = Release|Any CPU
		{970EC5F8-029E-4AD7-AD94-965F96249408}.Debug|Any CPU.ActiveCfg = Debug|Any CPU
		{970EC5F8-029E-4AD7-AD94-965F96249408}.Debug|Any CPU.Build.0 = Debug|Any CPU
		{970EC5F8-029E-4AD7-AD94-965F96249408}.Release|Any CPU.ActiveCfg = Release|Any CPU
		{970EC5F8-029E-4AD7-AD94-965F96249408}.Release|Any CPU.Build.0 = Release|Any CPU
		{2B5F82BF-D1CE-4478-A2AF-CFD79B10E0A7}.Debug|Any CPU.ActiveCfg = Debug|Any CPU
		{2B5F82BF-D1CE-4478-A2AF-CFD79B10E0A7}.Debug|Any CPU.Build.0 = Debug|Any CPU
		{2B5F82BF-D1CE-4478-A2AF-CFD79B10E0A7}.Release|Any CPU.ActiveCfg = Release|Any CPU
		{2B5F82BF-D1CE-4478-A2AF-CFD79B10E0A7}.Release|Any CPU.Build.0 = Release|Any CPU
	EndGlobalSection
	GlobalSection(SolutionProperties) = preSolution
		HideSolutionNode = FALSE
	EndGlobalSection
EndGlobal
